
Microsoft Visual Studio Solution File, Format Version 12.00
# Visual Studio Version 17
VisualStudioVersion = 17.2.32616.157
MinimumVisualStudioVersion = 10.0.40219.1
Project("{2150E333-8FDC-42A3-9474-1A3956D46DE8}") = "src", "src", "{02DAC3DF-3506-4BA4-BC4F-CB23D82DD2F0}"
EndProject
Project("{FAE04EC0-301F-11D3-BF4B-00C04F79EFBC}") = "CqrsMediatrProject", "src\CqrsMediatrProject\CqrsMediatrProject.csproj", "{1EE86712-837A-410A-89C3-6B29FEC5FD83}"
EndProject
Global
	GlobalSection(SolutionConfigurationPlatforms) = preSolution
		Debug|Any CPU = Debug|Any CPU
		Release|Any CPU = Release|Any CPU
	EndGlobalSection
	GlobalSection(ProjectConfigurationPlatforms) = postSolution
		{1EE86712-837A-410A-89C3-6B29FEC5FD83}.Debug|Any CPU.ActiveCfg = Debug|Any CPU
		{1EE86712-837A-410A-89C3-6B29FEC5FD83}.Debug|Any CPU.Build.0 = Debug|Any CPU
		{1EE86712-837A-410A-89C3-6B29FEC5FD83}.Release|Any CPU.ActiveCfg = Release|Any CPU
		{1EE86712-837A-410A-89C3-6B29FEC5FD83}.Release|Any CPU.Build.0 = Release|Any CPU
	EndGlobalSection
	GlobalSection(SolutionProperties) = preSolution
		HideSolutionNode = FALSE
	EndGlobalSection
	GlobalSection(NestedProjects) = preSolution
		{1EE86712-837A-410A-89C3-6B29FEC5FD83} = {02DAC3DF-3506-4BA4-BC4F-CB23D82DD2F0}
	EndGlobalSection
	GlobalSection(ExtensibilityGlobals) = postSolution
		SolutionGuid = {98BB8CA2-9D92-4439-B14A-1819B6AFF8B8}
	EndGlobalSection
EndGlobal
